// !$*UTF8*$!
{
	archiveVersion = 1;
	classes = {
	};
	objectVersion = 46;
	objects = {

/* Begin PBXBuildFile section */
		3B6E184B297555BB00739C2F /* rd_route.c in Sources */ = {isa = PBXBuildFile; fileRef = 3B6E1849297555BB00739C2F /* rd_route.c */; };
		3B6E184C297555BB00739C2F /* rd_route.h in Headers */ = {isa = PBXBuildFile; fileRef = 3B6E184A297555BB00739C2F /* rd_route.h */; };
		E9A26863E5C9D12E5EA56B33 /* InlineInjectPlugin.m in Sources */ = {isa = PBXBuildFile; fileRef = E9A26A5B49EF2A475DD7933C /* InlineInjectPlugin.m */; };
		E9A26C378FE8803D9FFFBE6A /* InlineInjectPlugin.h in Headers */ = {isa = PBXBuildFile; fileRef = E9A269D61B150792D0CEFC79 /* InlineInjectPlugin.h */; };
/* End PBXBuildFile section */

/* Begin PBXFileReference section */
		3B6E1849297555BB00739C2F /* rd_route.c */ = {isa = PBXFileReference; fileEncoding = 4; lastKnownFileType = sourcecode.c.c; path = rd_route.c; sourceTree = "<group>"; };
		3B6E184A297555BB00739C2F /* rd_route.h */ = {isa = PBXFileReference; fileEncoding = 4; lastKnownFileType = sourcecode.c.h; path = rd_route.h; sourceTree = "<group>"; };
		E9A260775553257D126EA260 /* libInlineInjectPlugin.dylib */ = {isa = PBXFileReference; explicitFileType = "compiled.mach-o.dylib"; includeInIndex = 0; path = libInlineInjectPlugin.dylib; sourceTree = BUILT_PRODUCTS_DIR; };
		E9A269D61B150792D0CEFC79 /* InlineInjectPlugin.h */ = {isa = PBXFileReference; lastKnownFileType = sourcecode.c.h; path = InlineInjectPlugin.h; sourceTree = "<group>"; };
		E9A26A5B49EF2A475DD7933C /* InlineInjectPlugin.m */ = {isa = PBXFileReference; lastKnownFileType = sourcecode.c.objc; path = InlineInjectPlugin.m; sourceTree = "<group>"; };
/* End PBXFileReference section */

/* Begin PBXFrameworksBuildPhase section */
		E9A263E90E1F001EB6369D8B /* Frameworks */ = {
			isa = PBXFrameworksBuildPhase;
			buildActionMask = 2147483647;
			files = (
			);
			runOnlyForDeploymentPostprocessing = 0;
		};
/* End PBXFrameworksBuildPhase section */

/* Begin PBXGroup section */
		E9A26162C738BF048794E489 = {
			isa = PBXGroup;
			children = (
				E9A26963F0F7EA3672D621F3 /* Products */,
				E9A26593C70F0E1BC80E5549 /* InlineInjectPlugin */,
			);
			sourceTree = "<group>";
		};
		E9A26593C70F0E1BC80E5549 /* InlineInjectPlugin */ = {
			isa = PBXGroup;
			children = (
				3B6E1849297555BB00739C2F /* rd_route.c */,
				3B6E184A297555BB00739C2F /* rd_route.h */,
				E9A269D61B150792D0CEFC79 /* InlineInjectPlugin.h */,
				E9A26A5B49EF2A475DD7933C /* InlineInjectPlugin.m */,
			);
			path = InlineInjectPlugin;
			sourceTree = "<group>";
		};
		E9A26963F0F7EA3672D621F3 /* Products */ = {
			isa = PBXGroup;
			children = (
				E9A260775553257D126EA260 /* libInlineInjectPlugin.dylib */,
			);
			name = Products;
			sourceTree = "<group>";
		};
/* End PBXGroup section */

/* Begin PBXHeadersBuildPhase section */
		E9A2603852FCA619B445C5BF /* Headers */ = {
			isa = PBXHeadersBuildPhase;
			buildActionMask = 2147483647;
			files = (
				3B6E184C297555BB00739C2F /* rd_route.h in Headers */,
				E9A26C378FE8803D9FFFBE6A /* InlineInjectPlugin.h in Headers */,
			);
			runOnlyForDeploymentPostprocessing = 0;
		};
/* End PBXHeadersBuildPhase section */

/* Begin PBXNativeTarget section */
		E9A2677A44065D6EE43EDDCE /* InlineInjectPlugin */ = {
			isa = PBXNativeTarget;
			buildConfigurationList = E9A26834F055C20CA08D8D38 /* Build configuration list for PBXNativeTarget "InlineInjectPlugin" */;
			buildPhases = (
				E9A2603852FCA619B445C5BF /* Headers */,
				E9A26F0844F88410B7036560 /* Sources */,
				E9A263E90E1F001EB6369D8B /* Frameworks */,
			);
			buildRules = (
			);
			dependencies = (
			);
			name = InlineInjectPlugin;
			productName = InlineInjectPlugin;
			productReference = E9A260775553257D126EA260 /* libInlineInjectPlugin.dylib */;
			productType = "com.apple.product-type.library.dynamic";
		};
/* End PBXNativeTarget section */

/* Begin PBXProject section */
		E9A262183F603645E8146598 /* Project object */ = {
			isa = PBXProject;
			attributes = {
				LastUpgradeCheck = 1420;
			};
			buildConfigurationList = E9A267A03B80A75E70D46574 /* Build configuration list for PBXProject "InlineInjectPlugin" */;
			compatibilityVersion = "Xcode 3.2";
			developmentRegion = English;
			hasScannedForEncodings = 0;
			knownRegions = (
				English,
				en,
				Base,
			);
			mainGroup = E9A26162C738BF048794E489;
			productRefGroup = E9A26963F0F7EA3672D621F3 /* Products */;
			projectDirPath = "";
			projectRoot = "";
			targets = (
				E9A2677A44065D6EE43EDDCE /* InlineInjectPlugin */,
			);
		};
/* End PBXProject section */

/* Begin PBXSourcesBuildPhase section */
		E9A26F0844F88410B7036560 /* Sources */ = {
			isa = PBXSourcesBuildPhase;
			buildActionMask = 2147483647;
			files = (
				E9A26863E5C9D12E5EA56B33 /* InlineInjectPlugin.m in Sources */,
				3B6E184B297555BB00739C2F /* rd_route.c in Sources */,
			);
			runOnlyForDeploymentPostprocessing = 0;
		};
/* End PBXSourcesBuildPhase section */

/* Begin XCBuildConfiguration section */
		E9A260B3CCE6960D55D3B09F /* Release */ = {
			isa = XCBuildConfiguration;
			buildSettings = {
				DEAD_CODE_STRIPPING = YES;
				DYLIB_COMPATIBILITY_VERSION = 1;
				DYLIB_CURRENT_VERSION = 1;
				EXECUTABLE_PREFIX = lib;
				MACOSX_DEPLOYMENT_TARGET = 13.1;
				PRODUCT_NAME = "$(TARGET_NAME)";
				SKIP_INSTALL = YES;
			};
			name = Release;
		};
		E9A2616853CE4DFF9E4A54CA /* Release */ = {
			isa = XCBuildConfiguration;
			buildSettings = {
				ALWAYS_SEARCH_USER_PATHS = NO;
				CLANG_ANALYZER_NONNULL = YES;
				CLANG_ANALYZER_NUMBER_OBJECT_CONVERSION = YES_AGGRESSIVE;
				CLANG_CXX_LANGUAGE_STANDARD = "gnu++20";
				CLANG_ENABLE_MODULES = YES;
				CLANG_ENABLE_OBJC_ARC = YES;
				CLANG_ENABLE_OBJC_WEAK = YES;
				CLANG_WARN_BLOCK_CAPTURE_AUTORELEASING = YES;
				CLANG_WARN_BOOL_CONVERSION = YES;
				CLANG_WARN_COMMA = YES;
				CLANG_WARN_CONSTANT_CONVERSION = YES;
				CLANG_WARN_DEPRECATED_OBJC_IMPLEMENTATIONS = YES;
				CLANG_WARN_DIRECT_OBJC_ISA_USAGE = YES_ERROR;
				CLANG_WARN_DOCUMENTATION_COMMENTS = YES;
				CLANG_WARN_EMPTY_BODY = YES;
				CLANG_WARN_ENUM_CONVERSION = YES;
				CLANG_WARN_INFINITE_RECURSION = YES;
				CLANG_WARN_INT_CONVERSION = YES;
				CLANG_WARN_NON_LITERAL_NULL_CONVERSION = YES;
				CLANG_WARN_OBJC_IMPLICIT_RETAIN_SELF = YES;
				CLANG_WARN_OBJC_LITERAL_CONVERSION = YES;
				CLANG_WARN_OBJC_ROOT_CLASS = YES_ERROR;
				CLANG_WARN_QUOTED_INCLUDE_IN_FRAMEWORK_HEADER = YES;
				CLANG_WARN_RANGE_LOOP_ANALYSIS = YES;
				CLANG_WARN_STRICT_PROTOTYPES = YES;
				CLANG_WARN_SUSPICIOUS_MOVE = YES;
				CLANG_WARN_UNGUARDED_AVAILABILITY = YES_AGGRESSIVE;
				CLANG_WARN_UNREACHABLE_CODE = YES;
				CLANG_WARN__DUPLICATE_METHOD_MATCH = YES;
				COPY_PHASE_STRIP = NO;
				DEAD_CODE_STRIPPING = YES;
				DEBUG_INFORMATION_FORMAT = "dwarf-with-dsym";
				ENABLE_NS_ASSERTIONS = NO;
				ENABLE_STRICT_OBJC_MSGSEND = YES;
				GCC_C_LANGUAGE_STANDARD = gnu11;
				GCC_NO_COMMON_BLOCKS = YES;
				GCC_WARN_64_TO_32_BIT_CONVERSION = YES;
				GCC_WARN_ABOUT_RETURN_TYPE = YES_ERROR;
				GCC_WARN_UNDECLARED_SELECTOR = YES;
				GCC_WARN_UNINITIALIZED_AUTOS = YES_AGGRESSIVE;
				GCC_WARN_UNUSED_FUNCTION = YES;
				GCC_WARN_UNUSED_VARIABLE = YES;
				MACOSX_DEPLOYMENT_TARGET = 13.2;
				MTL_ENABLE_DEBUG_INFO = NO;
				MTL_FAST_MATH = YES;
				SDKROOT = macosx;
			};
			name = Release;
		};
		E9A2670D65ECC06E068AC918 /* Debug */ = {
			isa = XCBuildConfiguration;
			buildSettings = {
				DEAD_CODE_STRIPPING = YES;
				DYLIB_COMPATIBILITY_VERSION = 1;
				DYLIB_CURRENT_VERSION = 1;
				EXECUTABLE_PREFIX = lib;
				MACOSX_DEPLOYMENT_TARGET = 13.1;
				PRODUCT_NAME = "$(TARGET_NAME)";
				SKIP_INSTALL = YES;
			};
			name = Debug;
		};
		E9A26AB16F90D6F11F46B125 /* Debug */ = {
			isa = XCBuildConfiguration;
			buildSettings = {
				ALWAYS_SEARCH_USER_PATHS = NO;
				CLANG_ANALYZER_NONNULL = YES;
				CLANG_ANALYZER_NUMBER_OBJECT_CONVERSION = YES_AGGRESSIVE;
				CLANG_CXX_LANGUAGE_STANDARD = "gnu++20";
				CLANG_ENABLE_MODULES = YES;
				CLANG_ENABLE_OBJC_ARC = YES;
				CLANG_ENABLE_OBJC_WEAK = YES;
				CLANG_WARN_BLOCK_CAPTURE_AUTORELEASING = YES;
				CLANG_WARN_BOOL_CONVERSION = YES;
				CLANG_WARN_COMMA = YES;
				CLANG_WARN_CONSTANT_CONVERSION = YES;
				CLANG_WARN_DEPRECATED_OBJC_IMPLEMENTATIONS = YES;
				CLANG_WARN_DIRECT_OBJC_ISA_USAGE = YES_ERROR;
				CLANG_WARN_DOCUMENTATION_COMMENTS = YES;
				CLANG_WARN_EMPTY_BODY = YES;
				CLANG_WARN_ENUM_CONVERSION = YES;
				CLANG_WARN_INFINITE_RECURSION = YES;
				CLANG_WARN_INT_CONVERSION = YES;
				CLANG_WARN_NON_LITERAL_NULL_CONVERSION = YES;
				CLANG_WARN_OBJC_IMPLICIT_RETAIN_SELF = YES;
				CLANG_WARN_OBJC_LITERAL_CONVERSION = YES;
				CLANG_WARN_OBJC_ROOT_CLASS = YES_ERROR;
				CLANG_WARN_QUOTED_INCLUDE_IN_FRAMEWORK_HEADER = YES;
				CLANG_WARN_RANGE_LOOP_ANALYSIS = YES;
				CLANG_WARN_STRICT_PROTOTYPES = YES;
				CLANG_WARN_SUSPICIOUS_MOVE = YES;
				CLANG_WARN_UNGUARDED_AVAILABILITY = YES_AGGRESSIVE;
				CLANG_WARN_UNREACHABLE_CODE = YES;
				CLANG_WARN__DUPLICATE_METHOD_MATCH = YES;
				COPY_PHASE_STRIP = NO;
				DEAD_CODE_STRIPPING = YES;
				DEBUG_INFORMATION_FORMAT = dwarf;
				ENABLE_STRICT_OBJC_MSGSEND = YES;
				ENABLE_TESTABILITY = YES;
				GCC_C_LANGUAGE_STANDARD = gnu11;
				GCC_DYNAMIC_NO_PIC = NO;
				GCC_NO_COMMON_BLOCKS = YES;
				GCC_OPTIMIZATION_LEVEL = 0;
				GCC_PREPROCESSOR_DEFINITIONS = (
					"DEBUG=1",
					"$(inherited)",
				);
				GCC_WARN_64_TO_32_BIT_CONVERSION = YES;
				GCC_WARN_ABOUT_RETURN_TYPE = YES_ERROR;
				GCC_WARN_UNDECLARED_SELECTOR = YES;
				GCC_WARN_UNINITIALIZED_AUTOS = YES_AGGRESSIVE;
				GCC_WARN_UNUSED_FUNCTION = YES;
				GCC_WARN_UNUSED_VARIABLE = YES;
				MACOSX_DEPLOYMENT_TARGET = 13.2;
				MTL_ENABLE_DEBUG_INFO = INCLUDE_SOURCE;
				MTL_FAST_MATH = YES;
				ONLY_ACTIVE_ARCH = YES;
				SDKROOT = macosx;
			};
			name = Debug;
		};
/* End XCBuildConfiguration section */

/* Begin XCConfigurationList section */
		E9A267A03B80A75E70D46574 /* Build configuration list for PBXProject "InlineInjectPlugin" */ = {
			isa = XCConfigurationList;
			buildConfigurations = (
				E9A26AB16F90D6F11F46B125 /* Debug */,
				E9A2616853CE4DFF9E4A54CA /* Release */,
			);
			defaultConfigurationIsVisible = 0;
			defaultConfigurationName = Release;
		};
		E9A26834F055C20CA08D8D38 /* Build configuration list for PBXNativeTarget "InlineInjectPlugin" */ = {
			isa = XCConfigurationList;
			buildConfigurations = (
				E9A2670D65ECC06E068AC918 /* Debug */,
				E9A260B3CCE6960D55D3B09F /* Release */,
			);
			defaultConfigurationIsVisible = 0;
			defaultConfigurationName = Release;
		};
/* End XCConfigurationList section */
	};
	rootObject = E9A262183F603645E8146598 /* Project object */;
}
